
Microsoft Visual Studio Solution File, Format Version 12.00
Project("{FAE04EC0-301F-11D3-BF4B-00C04F79EFBC}") = "Students", "Students\Students.csproj", "{74494D62-8D44-4174-918E-E6EC990E72DE}"
EndProject
Global
	GlobalSection(SolutionConfigurationPlatforms) = preSolution
		Debug|Any CPU = Debug|Any CPU
		Release|Any CPU = Release|Any CPU
	EndGlobalSection
	GlobalSection(ProjectConfigurationPlatforms) = postSolution
		{74494D62-8D44-4174-918E-E6EC990E72DE}.Debug|Any CPU.ActiveCfg = Debug|Any CPU
		{74494D62-8D44-4174-918E-E6EC990E72DE}.Debug|Any CPU.Build.0 = Debug|Any CPU
		{74494D62-8D44-4174-918E-E6EC990E72DE}.Release|Any CPU.ActiveCfg = Release|Any CPU
		{74494D62-8D44-4174-918E-E6EC990E72DE}.Release|Any CPU.Build.0 = Release|Any CPU
	EndGlobalSection
EndGlobal
